
Microsoft Visual Studio Solution File, Format Version 12.00
# Visual Studio Express 2013 for Windows Desktop
VisualStudioVersion = 12.0.31101.0
MinimumVisualStudioVersion = 10.0.40219.1
Project("{FAE04EC0-301F-11D3-BF4B-00C04F79EFBC}") = "01.RecursiveFactorial", "01.RecursiveFactorial\01.RecursiveFactorial.csproj", "{FFCAC78D-685D-4488-9397-DF585C5B7DD4}"
EndProject
Project("{FAE04EC0-301F-11D3-BF4B-00C04F79EFBC}") = "02.VectorGenerator", "02.VectorGenerator\02.VectorGenerator.csproj", "{B9C2A385-CAF8-4BF0-80EB-FEC7C815C330}"
EndProject
Project("{FAE04EC0-301F-11D3-BF4B-00C04F79EFBC}") = "03.GenerateCombinations", "03.GenerateCombinations\03.GenerateCombinations.csproj", "{D18E74CA-8CB6-4584-91EC-FD8322261F4B}"
EndProject
Project("{FAE04EC0-301F-11D3-BF4B-00C04F79EFBC}") = "04.SimulationOfNestedLoops", "04.SimulationOfNestedLoops\04.SimulationOfNestedLoops.csproj", "{A63BED1D-DCD4-4CF1-B5EA-A82AA9FD7C78}"
EndProject
Project("{FAE04EC0-301F-11D3-BF4B-00C04F79EFBC}") = "04.SimulationOfNestedLoop", "04.SimulationOfNestedLoop\04.SimulationOfNestedLoop.csproj", "{0312588E-9C08-4BD9-A279-6EE38E530597}"
EndProject
Project("{FAE04EC0-301F-11D3-BF4B-00C04F79EFBC}") = "04.Simulation", "04.Simulation\04.Simulation.csproj", "{49B11BF7-267F-467D-B78C-A8185B821B26}"
EndProject
Project("{FAE04EC0-301F-11D3-BF4B-00C04F79EFBC}") = "05.EightQueenProblem", "05.EightQueenProblem\05.EightQueenProblem.csproj", "{55A45781-3FBF-4904-866A-ADB0B10B5AC3}"
EndProject
Global
	GlobalSection(SolutionConfigurationPlatforms) = preSolution
		Debug|Any CPU = Debug|Any CPU
		Release|Any CPU = Release|Any CPU
	EndGlobalSection
	GlobalSection(ProjectConfigurationPlatforms) = postSolution
		{FFCAC78D-685D-4488-9397-DF585C5B7DD4}.Debug|Any CPU.ActiveCfg = Debug|Any CPU
		{FFCAC78D-685D-4488-9397-DF585C5B7DD4}.Debug|Any CPU.Build.0 = Debug|Any CPU
		{FFCAC78D-685D-4488-9397-DF585C5B7DD4}.Release|Any CPU.ActiveCfg = Release|Any CPU
		{FFCAC78D-685D-4488-9397-DF585C5B7DD4}.Release|Any CPU.Build.0 = Release|Any CPU
		{B9C2A385-CAF8-4BF0-80EB-FEC7C815C330}.Debug|Any CPU.ActiveCfg = Debug|Any CPU
		{B9C2A385-CAF8-4BF0-80EB-FEC7C815C330}.Debug|Any CPU.Build.0 = Debug|Any CPU
		{B9C2A385-CAF8-4BF0-80EB-FEC7C815C330}.Release|Any CPU.ActiveCfg = Release|Any CPU
		{B9C2A385-CAF8-4BF0-80EB-FEC7C815C330}.Release|Any CPU.Build.0 = Release|Any CPU
		{D18E74CA-8CB6-4584-91EC-FD8322261F4B}.Debug|Any CPU.ActiveCfg = Debug|Any CPU
		{D18E74CA-8CB6-4584-91EC-FD8322261F4B}.Debug|Any CPU.Build.0 = Debug|Any CPU
		{D18E74CA-8CB6-4584-91EC-FD8322261F4B}.Release|Any CPU.ActiveCfg = Release|Any CPU
		{D18E74CA-8CB6-4584-91EC-FD8322261F4B}.Release|Any CPU.Build.0 = Release|Any CPU
		{A63BED1D-DCD4-4CF1-B5EA-A82AA9FD7C78}.Debug|Any CPU.ActiveCfg = Debug|Any CPU
		{A63BED1D-DCD4-4CF1-B5EA-A82AA9FD7C78}.Debug|Any CPU.Build.0 = Debug|Any CPU
		{A63BED1D-DCD4-4CF1-B5EA-A82AA9FD7C78}.Release|Any CPU.ActiveCfg = Release|Any CPU
		{A63BED1D-DCD4-4CF1-B5EA-A82AA9FD7C78}.Release|Any CPU.Build.0 = Release|Any CPU
		{0312588E-9C08-4BD9-A279-6EE38E530597}.Debug|Any CPU.ActiveCfg = Debug|Any CPU
		{0312588E-9C08-4BD9-A279-6EE38E530597}.Debug|Any CPU.Build.0 = Debug|Any CPU
		{0312588E-9C08-4BD9-A279-6EE38E530597}.Release|Any CPU.ActiveCfg = Release|Any CPU
		{0312588E-9C08-4BD9-A279-6EE38E530597}.Release|Any CPU.Build.0 = Release|Any CPU
		{49B11BF7-267F-467D-B78C-A8185B821B26}.Debug|Any CPU.ActiveCfg = Debug|Any CPU
		{49B11BF7-267F-467D-B78C-A8185B821B26}.Debug|Any CPU.Build.0 = Debug|Any CPU
		{49B11BF7-267F-467D-B78C-A8185B821B26}.Release|Any CPU.ActiveCfg = Release|Any CPU
		{49B11BF7-267F-467D-B78C-A8185B821B26}.Release|Any CPU.Build.0 = Release|Any CPU
		{55A45781-3FBF-4904-866A-ADB0B10B5AC3}.Debug|Any CPU.ActiveCfg = Debug|Any CPU
		{55A45781-3FBF-4904-866A-ADB0B10B5AC3}.Debug|Any CPU.Build.0 = Debug|Any CPU
		{55A45781-3FBF-4904-866A-ADB0B10B5AC3}.Release|Any CPU.ActiveCfg = Release|Any CPU
		{55A45781-3FBF-4904-866A-ADB0B10B5AC3}.Release|Any CPU.Build.0 = Release|Any CPU
	EndGlobalSection
	GlobalSection(SolutionProperties) = preSolution
		HideSolutionNode = FALSE
	EndGlobalSection
EndGlobal
