
Microsoft Visual Studio Solution File, Format Version 12.00
# Visual Studio 2013
VisualStudioVersion = 12.0.40629.0
MinimumVisualStudioVersion = 10.0.40219.1
Project("{FAE04EC0-301F-11D3-BF4B-00C04F79EFBC}") = "01.List-VS-HashSet", "01.List-VS-HashSet\01.List-VS-HashSet.csproj", "{57D2DFB6-2192-46C6-A861-BBECB27C1819}"
EndProject
Project("{FAE04EC0-301F-11D3-BF4B-00C04F79EFBC}") = "02.Hash-Set", "02.Hash-Set\02.Hash-Set.csproj", "{F404157F-39AC-432A-89A3-7B6643324F43}"
EndProject
Project("{FAE04EC0-301F-11D3-BF4B-00C04F79EFBC}") = "03.Sorted-Dictionary", "03.Sorted-Dictionary\03.Sorted-Dictionary.csproj", "{59C6AC35-9214-4A73-916D-D3A07E452B36}"
EndProject
Project("{FAE04EC0-301F-11D3-BF4B-00C04F79EFBC}") = "Test", "Test\Test.csproj", "{B6B5C688-F5B5-4EE7-9066-4367842A5A39}"
EndProject
Global
	GlobalSection(SolutionConfigurationPlatforms) = preSolution
		Debug|Any CPU = Debug|Any CPU
		Release|Any CPU = Release|Any CPU
	EndGlobalSection
	GlobalSection(ProjectConfigurationPlatforms) = postSolution
		{57D2DFB6-2192-46C6-A861-BBECB27C1819}.Debug|Any CPU.ActiveCfg = Debug|Any CPU
		{57D2DFB6-2192-46C6-A861-BBECB27C1819}.Debug|Any CPU.Build.0 = Debug|Any CPU
		{57D2DFB6-2192-46C6-A861-BBECB27C1819}.Release|Any CPU.ActiveCfg = Release|Any CPU
		{57D2DFB6-2192-46C6-A861-BBECB27C1819}.Release|Any CPU.Build.0 = Release|Any CPU
		{F404157F-39AC-432A-89A3-7B6643324F43}.Debug|Any CPU.ActiveCfg = Debug|Any CPU
		{F404157F-39AC-432A-89A3-7B6643324F43}.Debug|Any CPU.Build.0 = Debug|Any CPU
		{F404157F-39AC-432A-89A3-7B6643324F43}.Release|Any CPU.ActiveCfg = Release|Any CPU
		{F404157F-39AC-432A-89A3-7B6643324F43}.Release|Any CPU.Build.0 = Release|Any CPU
		{59C6AC35-9214-4A73-916D-D3A07E452B36}.Debug|Any CPU.ActiveCfg = Debug|Any CPU
		{59C6AC35-9214-4A73-916D-D3A07E452B36}.Debug|Any CPU.Build.0 = Debug|Any CPU
		{59C6AC35-9214-4A73-916D-D3A07E452B36}.Release|Any CPU.ActiveCfg = Release|Any CPU
		{59C6AC35-9214-4A73-916D-D3A07E452B36}.Release|Any CPU.Build.0 = Release|Any CPU
		{B6B5C688-F5B5-4EE7-9066-4367842A5A39}.Debug|Any CPU.ActiveCfg = Debug|Any CPU
		{B6B5C688-F5B5-4EE7-9066-4367842A5A39}.Debug|Any CPU.Build.0 = Debug|Any CPU
		{B6B5C688-F5B5-4EE7-9066-4367842A5A39}.Release|Any CPU.ActiveCfg = Release|Any CPU
		{B6B5C688-F5B5-4EE7-9066-4367842A5A39}.Release|Any CPU.Build.0 = Release|Any CPU
	EndGlobalSection
	GlobalSection(SolutionProperties) = preSolution
		HideSolutionNode = FALSE
	EndGlobalSection
EndGlobal
