
Microsoft Visual Studio Solution File, Format Version 12.00
# Visual Studio 2013
VisualStudioVersion = 12.0.40629.0
MinimumVisualStudioVersion = 10.0.40219.1
Project("{FAE04EC0-301F-11D3-BF4B-00C04F79EFBC}") = "01.List-Implementation", "01.List-Implementation\01.List-Implementation.csproj", "{E6AC79F9-050F-4323-ABFD-C16E69A6405E}"
EndProject
Project("{FAE04EC0-301F-11D3-BF4B-00C04F79EFBC}") = "02.Linked-List", "02.LinkedList\02.Linked-List.csproj", "{EB403FAF-584B-44A5-8740-08C8B412A6F8}"
EndProject
Project("{FAE04EC0-301F-11D3-BF4B-00C04F79EFBC}") = "03Array-List-Example", "03ArrayListExample\03Array-List-Example.csproj", "{6BDBB3F2-0847-4E5E-9A98-BC3271440909}"
EndProject
Project("{FAE04EC0-301F-11D3-BF4B-00C04F79EFBC}") = "04.Prime-Number-In-Given-Interval", "04.PrimeNumberInGivenInterval\04.Prime-Number-In-Given-Interval.csproj", "{DFF574BD-2970-4ACE-AAB6-C8D0D6DDD858}"
EndProject
Project("{FAE04EC0-301F-11D3-BF4B-00C04F79EFBC}") = "05.Union-And-Intersection-Of-Lists", "05.UnionAndIntersectionOfLists\05.Union-And-Intersection-Of-Lists.csproj", "{A894A7EE-1F00-48CD-9452-9B5000BADE67}"
EndProject
Project("{FAE04EC0-301F-11D3-BF4B-00C04F79EFBC}") = "06.Stack-Matching-Brackets", "06.Stack\06.Stack-Matching-Brackets.csproj", "{4AC6F486-8985-4EF4-AD0F-9AECE2CA78C1}"
EndProject
Project("{FAE04EC0-301F-11D3-BF4B-00C04F79EFBC}") = "07.Stack-Correct-Bracket-Check", "07.Stack\07.Stack-Correct-Bracket-Check.csproj", "{6DF64B1F-F90F-4E63-9AAC-4DF84094FA97}"
EndProject
Project("{FAE04EC0-301F-11D3-BF4B-00C04F79EFBC}") = "08.Queue", "08.Queue\08.Queue.csproj", "{39BED15C-8EEC-40A3-8896-C860444DC133}"
EndProject
Project("{2150E333-8FDC-42A3-9474-1A3956D46DE8}") = "Exercises", "Exercises", "{AA7AB4E1-52A8-485E-9022-F1970403B0C4}"
EndProject
Project("{2150E333-8FDC-42A3-9474-1A3956D46DE8}") = "Demos", "Demos", "{EE01C220-9F36-4F3A-9A9F-DB8541F62EDB}"
EndProject
Project("{FAE04EC0-301F-11D3-BF4B-00C04F79EFBC}") = "01.Sum-And-Average-Of-List", "01.SumAndAverageOfList\01.Sum-And-Average-Of-List.csproj", "{8BCACAC9-1017-4AC5-AEEA-A5F7D7B5DAA3}"
EndProject
Project("{FAE04EC0-301F-11D3-BF4B-00C04F79EFBC}") = "02.Numbers-In-Reverse-Order", "02.NumbersInReverseOrder\02.Numbers-In-Reverse-Order.csproj", "{6F9E3F30-12DC-4DDE-A162-DFFD64440E28}"
EndProject
Project("{FAE04EC0-301F-11D3-BF4B-00C04F79EFBC}") = "03.Numbers-In-Ascending-Order", "03.NumbersInAscendingOrder\03.Numbers-In-Ascending-Order.csproj", "{20B14039-7F76-4ACC-AF01-30F41C92FE26}"
EndProject
Project("{FAE04EC0-301F-11D3-BF4B-00C04F79EFBC}") = "04.Longest-Subsequence-Of-Equal-Elements", "04.LongestSubsequenceOfEqualElements\04.Longest-Subsequence-Of-Equal-Elements.csproj", "{704DF2F3-7BBF-48C7-8565-7B3965F84832}"
EndProject
Project("{FAE04EC0-301F-11D3-BF4B-00C04F79EFBC}") = "05.Remove-Negative-Numbers", "05.RemoveNegativeNumbers\05.Remove-Negative-Numbers.csproj", "{BE874803-848E-4B6A-9BC2-89719CDB4065}"
EndProject
Project("{FAE04EC0-301F-11D3-BF4B-00C04F79EFBC}") = "06.Remove-Odd-Occurences", "06.RemoveOddOccurences\06.Remove-Odd-Occurences.csproj", "{7BA3CB89-3525-401E-96D2-AF3B8E3F6D6F}"
EndProject
Project("{FAE04EC0-301F-11D3-BF4B-00C04F79EFBC}") = "08.Find-Majorant-In-Array", "08.FindMajorantInArray\08.Find-Majorant-In-Array.csproj", "{BC7CD9B4-29C1-4BFD-AE57-726E9D9D8FC1}"
EndProject
Project("{FAE04EC0-301F-11D3-BF4B-00C04F79EFBC}") = "08.1.Find-Majorant-In-Array", "08.1.FindMajorantInArray\08.1.Find-Majorant-In-Array.csproj", "{D3D1ADCE-9C72-4C9F-8F29-40C5224F4FF9}"
EndProject
Project("{FAE04EC0-301F-11D3-BF4B-00C04F79EFBC}") = "07.Array-Occurences", "07.ArrayOccurences\07.Array-Occurences.csproj", "{23B9F05E-042F-40CA-B4FA-5B1A306C510D}"
EndProject
Project("{FAE04EC0-301F-11D3-BF4B-00C04F79EFBC}") = "09.Print-Queue-Sequence", "09.PrintQueueSequence\09.Print-Queue-Sequence.csproj", "{7FA849B2-CF6B-4525-89B4-7FDED6BBA8CD}"
EndProject
Project("{FAE04EC0-301F-11D3-BF4B-00C04F79EFBC}") = "02.Double-Linked-List", "02.DoubleLinkedList\02.Double-Linked-List.csproj", "{B90B3554-5F52-4379-A3A4-F240F1961EB0}"
EndProject
Global
	GlobalSection(SolutionConfigurationPlatforms) = preSolution
		Debug|Any CPU = Debug|Any CPU
		Release|Any CPU = Release|Any CPU
	EndGlobalSection
	GlobalSection(ProjectConfigurationPlatforms) = postSolution
		{E6AC79F9-050F-4323-ABFD-C16E69A6405E}.Debug|Any CPU.ActiveCfg = Debug|Any CPU
		{E6AC79F9-050F-4323-ABFD-C16E69A6405E}.Debug|Any CPU.Build.0 = Debug|Any CPU
		{E6AC79F9-050F-4323-ABFD-C16E69A6405E}.Release|Any CPU.ActiveCfg = Release|Any CPU
		{E6AC79F9-050F-4323-ABFD-C16E69A6405E}.Release|Any CPU.Build.0 = Release|Any CPU
		{EB403FAF-584B-44A5-8740-08C8B412A6F8}.Debug|Any CPU.ActiveCfg = Debug|Any CPU
		{EB403FAF-584B-44A5-8740-08C8B412A6F8}.Debug|Any CPU.Build.0 = Debug|Any CPU
		{EB403FAF-584B-44A5-8740-08C8B412A6F8}.Release|Any CPU.ActiveCfg = Release|Any CPU
		{EB403FAF-584B-44A5-8740-08C8B412A6F8}.Release|Any CPU.Build.0 = Release|Any CPU
		{6BDBB3F2-0847-4E5E-9A98-BC3271440909}.Debug|Any CPU.ActiveCfg = Debug|Any CPU
		{6BDBB3F2-0847-4E5E-9A98-BC3271440909}.Debug|Any CPU.Build.0 = Debug|Any CPU
		{6BDBB3F2-0847-4E5E-9A98-BC3271440909}.Release|Any CPU.ActiveCfg = Release|Any CPU
		{6BDBB3F2-0847-4E5E-9A98-BC3271440909}.Release|Any CPU.Build.0 = Release|Any CPU
		{DFF574BD-2970-4ACE-AAB6-C8D0D6DDD858}.Debug|Any CPU.ActiveCfg = Debug|Any CPU
		{DFF574BD-2970-4ACE-AAB6-C8D0D6DDD858}.Debug|Any CPU.Build.0 = Debug|Any CPU
		{DFF574BD-2970-4ACE-AAB6-C8D0D6DDD858}.Release|Any CPU.ActiveCfg = Release|Any CPU
		{DFF574BD-2970-4ACE-AAB6-C8D0D6DDD858}.Release|Any CPU.Build.0 = Release|Any CPU
		{A894A7EE-1F00-48CD-9452-9B5000BADE67}.Debug|Any CPU.ActiveCfg = Debug|Any CPU
		{A894A7EE-1F00-48CD-9452-9B5000BADE67}.Debug|Any CPU.Build.0 = Debug|Any CPU
		{A894A7EE-1F00-48CD-9452-9B5000BADE67}.Release|Any CPU.ActiveCfg = Release|Any CPU
		{A894A7EE-1F00-48CD-9452-9B5000BADE67}.Release|Any CPU.Build.0 = Release|Any CPU
		{4AC6F486-8985-4EF4-AD0F-9AECE2CA78C1}.Debug|Any CPU.ActiveCfg = Debug|Any CPU
		{4AC6F486-8985-4EF4-AD0F-9AECE2CA78C1}.Debug|Any CPU.Build.0 = Debug|Any CPU
		{4AC6F486-8985-4EF4-AD0F-9AECE2CA78C1}.Release|Any CPU.ActiveCfg = Release|Any CPU
		{4AC6F486-8985-4EF4-AD0F-9AECE2CA78C1}.Release|Any CPU.Build.0 = Release|Any CPU
		{6DF64B1F-F90F-4E63-9AAC-4DF84094FA97}.Debug|Any CPU.ActiveCfg = Debug|Any CPU
		{6DF64B1F-F90F-4E63-9AAC-4DF84094FA97}.Debug|Any CPU.Build.0 = Debug|Any CPU
		{6DF64B1F-F90F-4E63-9AAC-4DF84094FA97}.Release|Any CPU.ActiveCfg = Release|Any CPU
		{6DF64B1F-F90F-4E63-9AAC-4DF84094FA97}.Release|Any CPU.Build.0 = Release|Any CPU
		{39BED15C-8EEC-40A3-8896-C860444DC133}.Debug|Any CPU.ActiveCfg = Debug|Any CPU
		{39BED15C-8EEC-40A3-8896-C860444DC133}.Debug|Any CPU.Build.0 = Debug|Any CPU
		{39BED15C-8EEC-40A3-8896-C860444DC133}.Release|Any CPU.ActiveCfg = Release|Any CPU
		{39BED15C-8EEC-40A3-8896-C860444DC133}.Release|Any CPU.Build.0 = Release|Any CPU
		{8BCACAC9-1017-4AC5-AEEA-A5F7D7B5DAA3}.Debug|Any CPU.ActiveCfg = Debug|Any CPU
		{8BCACAC9-1017-4AC5-AEEA-A5F7D7B5DAA3}.Debug|Any CPU.Build.0 = Debug|Any CPU
		{8BCACAC9-1017-4AC5-AEEA-A5F7D7B5DAA3}.Release|Any CPU.ActiveCfg = Release|Any CPU
		{8BCACAC9-1017-4AC5-AEEA-A5F7D7B5DAA3}.Release|Any CPU.Build.0 = Release|Any CPU
		{6F9E3F30-12DC-4DDE-A162-DFFD64440E28}.Debug|Any CPU.ActiveCfg = Debug|Any CPU
		{6F9E3F30-12DC-4DDE-A162-DFFD64440E28}.Debug|Any CPU.Build.0 = Debug|Any CPU
		{6F9E3F30-12DC-4DDE-A162-DFFD64440E28}.Release|Any CPU.ActiveCfg = Release|Any CPU
		{6F9E3F30-12DC-4DDE-A162-DFFD64440E28}.Release|Any CPU.Build.0 = Release|Any CPU
		{20B14039-7F76-4ACC-AF01-30F41C92FE26}.Debug|Any CPU.ActiveCfg = Debug|Any CPU
		{20B14039-7F76-4ACC-AF01-30F41C92FE26}.Debug|Any CPU.Build.0 = Debug|Any CPU
		{20B14039-7F76-4ACC-AF01-30F41C92FE26}.Release|Any CPU.ActiveCfg = Release|Any CPU
		{20B14039-7F76-4ACC-AF01-30F41C92FE26}.Release|Any CPU.Build.0 = Release|Any CPU
		{704DF2F3-7BBF-48C7-8565-7B3965F84832}.Debug|Any CPU.ActiveCfg = Debug|Any CPU
		{704DF2F3-7BBF-48C7-8565-7B3965F84832}.Debug|Any CPU.Build.0 = Debug|Any CPU
		{704DF2F3-7BBF-48C7-8565-7B3965F84832}.Release|Any CPU.ActiveCfg = Release|Any CPU
		{704DF2F3-7BBF-48C7-8565-7B3965F84832}.Release|Any CPU.Build.0 = Release|Any CPU
		{BE874803-848E-4B6A-9BC2-89719CDB4065}.Debug|Any CPU.ActiveCfg = Debug|Any CPU
		{BE874803-848E-4B6A-9BC2-89719CDB4065}.Debug|Any CPU.Build.0 = Debug|Any CPU
		{BE874803-848E-4B6A-9BC2-89719CDB4065}.Release|Any CPU.ActiveCfg = Release|Any CPU
		{BE874803-848E-4B6A-9BC2-89719CDB4065}.Release|Any CPU.Build.0 = Release|Any CPU
		{7BA3CB89-3525-401E-96D2-AF3B8E3F6D6F}.Debug|Any CPU.ActiveCfg = Debug|Any CPU
		{7BA3CB89-3525-401E-96D2-AF3B8E3F6D6F}.Debug|Any CPU.Build.0 = Debug|Any CPU
		{7BA3CB89-3525-401E-96D2-AF3B8E3F6D6F}.Release|Any CPU.ActiveCfg = Release|Any CPU
		{7BA3CB89-3525-401E-96D2-AF3B8E3F6D6F}.Release|Any CPU.Build.0 = Release|Any CPU
		{BC7CD9B4-29C1-4BFD-AE57-726E9D9D8FC1}.Debug|Any CPU.ActiveCfg = Debug|Any CPU
		{BC7CD9B4-29C1-4BFD-AE57-726E9D9D8FC1}.Debug|Any CPU.Build.0 = Debug|Any CPU
		{BC7CD9B4-29C1-4BFD-AE57-726E9D9D8FC1}.Release|Any CPU.ActiveCfg = Release|Any CPU
		{BC7CD9B4-29C1-4BFD-AE57-726E9D9D8FC1}.Release|Any CPU.Build.0 = Release|Any CPU
		{D3D1ADCE-9C72-4C9F-8F29-40C5224F4FF9}.Debug|Any CPU.ActiveCfg = Debug|Any CPU
		{D3D1ADCE-9C72-4C9F-8F29-40C5224F4FF9}.Debug|Any CPU.Build.0 = Debug|Any CPU
		{D3D1ADCE-9C72-4C9F-8F29-40C5224F4FF9}.Release|Any CPU.ActiveCfg = Release|Any CPU
		{D3D1ADCE-9C72-4C9F-8F29-40C5224F4FF9}.Release|Any CPU.Build.0 = Release|Any CPU
		{23B9F05E-042F-40CA-B4FA-5B1A306C510D}.Debug|Any CPU.ActiveCfg = Debug|Any CPU
		{23B9F05E-042F-40CA-B4FA-5B1A306C510D}.Debug|Any CPU.Build.0 = Debug|Any CPU
		{23B9F05E-042F-40CA-B4FA-5B1A306C510D}.Release|Any CPU.ActiveCfg = Release|Any CPU
		{23B9F05E-042F-40CA-B4FA-5B1A306C510D}.Release|Any CPU.Build.0 = Release|Any CPU
		{7FA849B2-CF6B-4525-89B4-7FDED6BBA8CD}.Debug|Any CPU.ActiveCfg = Debug|Any CPU
		{7FA849B2-CF6B-4525-89B4-7FDED6BBA8CD}.Debug|Any CPU.Build.0 = Debug|Any CPU
		{7FA849B2-CF6B-4525-89B4-7FDED6BBA8CD}.Release|Any CPU.ActiveCfg = Release|Any CPU
		{7FA849B2-CF6B-4525-89B4-7FDED6BBA8CD}.Release|Any CPU.Build.0 = Release|Any CPU
		{B90B3554-5F52-4379-A3A4-F240F1961EB0}.Debug|Any CPU.ActiveCfg = Debug|Any CPU
		{B90B3554-5F52-4379-A3A4-F240F1961EB0}.Debug|Any CPU.Build.0 = Debug|Any CPU
		{B90B3554-5F52-4379-A3A4-F240F1961EB0}.Release|Any CPU.ActiveCfg = Release|Any CPU
		{B90B3554-5F52-4379-A3A4-F240F1961EB0}.Release|Any CPU.Build.0 = Release|Any CPU
	EndGlobalSection
	GlobalSection(SolutionProperties) = preSolution
		HideSolutionNode = FALSE
	EndGlobalSection
	GlobalSection(NestedProjects) = preSolution
		{E6AC79F9-050F-4323-ABFD-C16E69A6405E} = {EE01C220-9F36-4F3A-9A9F-DB8541F62EDB}
		{EB403FAF-584B-44A5-8740-08C8B412A6F8} = {EE01C220-9F36-4F3A-9A9F-DB8541F62EDB}
		{6BDBB3F2-0847-4E5E-9A98-BC3271440909} = {EE01C220-9F36-4F3A-9A9F-DB8541F62EDB}
		{DFF574BD-2970-4ACE-AAB6-C8D0D6DDD858} = {EE01C220-9F36-4F3A-9A9F-DB8541F62EDB}
		{A894A7EE-1F00-48CD-9452-9B5000BADE67} = {EE01C220-9F36-4F3A-9A9F-DB8541F62EDB}
		{4AC6F486-8985-4EF4-AD0F-9AECE2CA78C1} = {EE01C220-9F36-4F3A-9A9F-DB8541F62EDB}
		{6DF64B1F-F90F-4E63-9AAC-4DF84094FA97} = {EE01C220-9F36-4F3A-9A9F-DB8541F62EDB}
		{39BED15C-8EEC-40A3-8896-C860444DC133} = {EE01C220-9F36-4F3A-9A9F-DB8541F62EDB}
		{8BCACAC9-1017-4AC5-AEEA-A5F7D7B5DAA3} = {AA7AB4E1-52A8-485E-9022-F1970403B0C4}
		{6F9E3F30-12DC-4DDE-A162-DFFD64440E28} = {AA7AB4E1-52A8-485E-9022-F1970403B0C4}
		{20B14039-7F76-4ACC-AF01-30F41C92FE26} = {AA7AB4E1-52A8-485E-9022-F1970403B0C4}
		{704DF2F3-7BBF-48C7-8565-7B3965F84832} = {AA7AB4E1-52A8-485E-9022-F1970403B0C4}
		{BE874803-848E-4B6A-9BC2-89719CDB4065} = {AA7AB4E1-52A8-485E-9022-F1970403B0C4}
		{7BA3CB89-3525-401E-96D2-AF3B8E3F6D6F} = {AA7AB4E1-52A8-485E-9022-F1970403B0C4}
		{BC7CD9B4-29C1-4BFD-AE57-726E9D9D8FC1} = {AA7AB4E1-52A8-485E-9022-F1970403B0C4}
		{D3D1ADCE-9C72-4C9F-8F29-40C5224F4FF9} = {AA7AB4E1-52A8-485E-9022-F1970403B0C4}
		{23B9F05E-042F-40CA-B4FA-5B1A306C510D} = {AA7AB4E1-52A8-485E-9022-F1970403B0C4}
		{7FA849B2-CF6B-4525-89B4-7FDED6BBA8CD} = {AA7AB4E1-52A8-485E-9022-F1970403B0C4}
		{B90B3554-5F52-4379-A3A4-F240F1961EB0} = {EE01C220-9F36-4F3A-9A9F-DB8541F62EDB}
	EndGlobalSection
EndGlobal
