
Microsoft Visual Studio Solution File, Format Version 12.00
# Visual Studio 2013
VisualStudioVersion = 12.0.40629.0
MinimumVisualStudioVersion = 10.0.40219.1
Project("{FAE04EC0-301F-11D3-BF4B-00C04F79EFBC}") = "Hello-World", "Hello-World\Hello-World.csproj", "{582E19D7-3656-40C8-8C47-9C77B7E8C7DF}"
EndProject
Project("{FAE04EC0-301F-11D3-BF4B-00C04F79EFBC}") = "Print-Name", "Print-Name\Print-Name.csproj", "{C51DDDD1-A321-4373-93F2-05315EA9C64A}"
EndProject
Project("{FAE04EC0-301F-11D3-BF4B-00C04F79EFBC}") = "Print-One-and-Zero", "Print-One-and-Zero\Print-One-and-Zero.csproj", "{825673DD-781C-47E3-954A-4AEB5A6D534D}"
EndProject
Project("{FAE04EC0-301F-11D3-BF4B-00C04F79EFBC}") = "Print-Name-Again", "Print-Name-Again\Print-Name-Again.csproj", "{120547AB-CEAB-4323-A8C3-C4851BCED50F}"
EndProject
Project("{FAE04EC0-301F-11D3-BF4B-00C04F79EFBC}") = "Square-Root", "Square-Root\Square-Root.csproj", "{3202B55E-BA07-408F-AED3-5B21D78E0B08}"
EndProject
Project("{FAE04EC0-301F-11D3-BF4B-00C04F79EFBC}") = "Print-Sequence", "Print-Sequence\Print-Sequence.csproj", "{F3EA761D-CD0E-4D06-93D1-39C16018EBF1}"
EndProject
Project("{FAE04EC0-301F-11D3-BF4B-00C04F79EFBC}") = "Reformat-Code", "Reformat-Code\Reformat-Code.csproj", "{44EB82EA-A9E8-426E-95DB-C41745293772}"
EndProject
Project("{FAE04EC0-301F-11D3-BF4B-00C04F79EFBC}") = "Current-Date-And-Time", "Current-Date-And-Time\Current-Date-And-Time.csproj", "{25F6E0D7-9E60-4E39-9F23-90FB28F2A646}"
EndProject
Project("{FAE04EC0-301F-11D3-BF4B-00C04F79EFBC}") = "Age-After-Ten-Years", "Age-After-Ten-Years\Age-After-Ten-Years.csproj", "{2B9B5020-159F-41F0-A24E-B608A2A09305}"
EndProject
Project("{FAE04EC0-301F-11D3-BF4B-00C04F79EFBC}") = "Print-Long-Sequence", "Print-Long-Sequence\Print-Long-Sequence.csproj", "{E7CC7EE7-D52D-4A3E-9162-C8C8E1860E48}"
EndProject
Project("{FAE04EC0-301F-11D3-BF4B-00C04F79EFBC}") = "01.Documentation-Comments", "DocumentationComments\01.Documentation-Comments.csproj", "{35330982-7356-4052-B1BE-FCC8449DE1EA}"
EndProject
Global
	GlobalSection(SolutionConfigurationPlatforms) = preSolution
		Debug|Any CPU = Debug|Any CPU
		Debug|Mixed Platforms = Debug|Mixed Platforms
		Debug|x86 = Debug|x86
		Release|Any CPU = Release|Any CPU
		Release|Mixed Platforms = Release|Mixed Platforms
		Release|x86 = Release|x86
	EndGlobalSection
	GlobalSection(ProjectConfigurationPlatforms) = postSolution
		{582E19D7-3656-40C8-8C47-9C77B7E8C7DF}.Debug|Any CPU.ActiveCfg = Debug|x86
		{582E19D7-3656-40C8-8C47-9C77B7E8C7DF}.Debug|Mixed Platforms.ActiveCfg = Debug|x86
		{582E19D7-3656-40C8-8C47-9C77B7E8C7DF}.Debug|Mixed Platforms.Build.0 = Debug|x86
		{582E19D7-3656-40C8-8C47-9C77B7E8C7DF}.Debug|x86.ActiveCfg = Debug|x86
		{582E19D7-3656-40C8-8C47-9C77B7E8C7DF}.Debug|x86.Build.0 = Debug|x86
		{582E19D7-3656-40C8-8C47-9C77B7E8C7DF}.Release|Any CPU.ActiveCfg = Release|x86
		{582E19D7-3656-40C8-8C47-9C77B7E8C7DF}.Release|Mixed Platforms.ActiveCfg = Release|x86
		{582E19D7-3656-40C8-8C47-9C77B7E8C7DF}.Release|Mixed Platforms.Build.0 = Release|x86
		{582E19D7-3656-40C8-8C47-9C77B7E8C7DF}.Release|x86.ActiveCfg = Release|x86
		{582E19D7-3656-40C8-8C47-9C77B7E8C7DF}.Release|x86.Build.0 = Release|x86
		{C51DDDD1-A321-4373-93F2-05315EA9C64A}.Debug|Any CPU.ActiveCfg = Debug|x86
		{C51DDDD1-A321-4373-93F2-05315EA9C64A}.Debug|Mixed Platforms.ActiveCfg = Debug|x86
		{C51DDDD1-A321-4373-93F2-05315EA9C64A}.Debug|Mixed Platforms.Build.0 = Debug|x86
		{C51DDDD1-A321-4373-93F2-05315EA9C64A}.Debug|x86.ActiveCfg = Debug|x86
		{C51DDDD1-A321-4373-93F2-05315EA9C64A}.Debug|x86.Build.0 = Debug|x86
		{C51DDDD1-A321-4373-93F2-05315EA9C64A}.Release|Any CPU.ActiveCfg = Release|x86
		{C51DDDD1-A321-4373-93F2-05315EA9C64A}.Release|Mixed Platforms.ActiveCfg = Release|x86
		{C51DDDD1-A321-4373-93F2-05315EA9C64A}.Release|Mixed Platforms.Build.0 = Release|x86
		{C51DDDD1-A321-4373-93F2-05315EA9C64A}.Release|x86.ActiveCfg = Release|x86
		{C51DDDD1-A321-4373-93F2-05315EA9C64A}.Release|x86.Build.0 = Release|x86
		{825673DD-781C-47E3-954A-4AEB5A6D534D}.Debug|Any CPU.ActiveCfg = Debug|x86
		{825673DD-781C-47E3-954A-4AEB5A6D534D}.Debug|Mixed Platforms.ActiveCfg = Debug|x86
		{825673DD-781C-47E3-954A-4AEB5A6D534D}.Debug|Mixed Platforms.Build.0 = Debug|x86
		{825673DD-781C-47E3-954A-4AEB5A6D534D}.Debug|x86.ActiveCfg = Debug|x86
		{825673DD-781C-47E3-954A-4AEB5A6D534D}.Debug|x86.Build.0 = Debug|x86
		{825673DD-781C-47E3-954A-4AEB5A6D534D}.Release|Any CPU.ActiveCfg = Release|x86
		{825673DD-781C-47E3-954A-4AEB5A6D534D}.Release|Mixed Platforms.ActiveCfg = Release|x86
		{825673DD-781C-47E3-954A-4AEB5A6D534D}.Release|Mixed Platforms.Build.0 = Release|x86
		{825673DD-781C-47E3-954A-4AEB5A6D534D}.Release|x86.ActiveCfg = Release|x86
		{825673DD-781C-47E3-954A-4AEB5A6D534D}.Release|x86.Build.0 = Release|x86
		{120547AB-CEAB-4323-A8C3-C4851BCED50F}.Debug|Any CPU.ActiveCfg = Debug|x86
		{120547AB-CEAB-4323-A8C3-C4851BCED50F}.Debug|Mixed Platforms.ActiveCfg = Debug|x86
		{120547AB-CEAB-4323-A8C3-C4851BCED50F}.Debug|Mixed Platforms.Build.0 = Debug|x86
		{120547AB-CEAB-4323-A8C3-C4851BCED50F}.Debug|x86.ActiveCfg = Debug|x86
		{120547AB-CEAB-4323-A8C3-C4851BCED50F}.Debug|x86.Build.0 = Debug|x86
		{120547AB-CEAB-4323-A8C3-C4851BCED50F}.Release|Any CPU.ActiveCfg = Release|x86
		{120547AB-CEAB-4323-A8C3-C4851BCED50F}.Release|Mixed Platforms.ActiveCfg = Release|x86
		{120547AB-CEAB-4323-A8C3-C4851BCED50F}.Release|Mixed Platforms.Build.0 = Release|x86
		{120547AB-CEAB-4323-A8C3-C4851BCED50F}.Release|x86.ActiveCfg = Release|x86
		{120547AB-CEAB-4323-A8C3-C4851BCED50F}.Release|x86.Build.0 = Release|x86
		{3202B55E-BA07-408F-AED3-5B21D78E0B08}.Debug|Any CPU.ActiveCfg = Debug|x86
		{3202B55E-BA07-408F-AED3-5B21D78E0B08}.Debug|Mixed Platforms.ActiveCfg = Debug|x86
		{3202B55E-BA07-408F-AED3-5B21D78E0B08}.Debug|Mixed Platforms.Build.0 = Debug|x86
		{3202B55E-BA07-408F-AED3-5B21D78E0B08}.Debug|x86.ActiveCfg = Debug|x86
		{3202B55E-BA07-408F-AED3-5B21D78E0B08}.Debug|x86.Build.0 = Debug|x86
		{3202B55E-BA07-408F-AED3-5B21D78E0B08}.Release|Any CPU.ActiveCfg = Release|x86
		{3202B55E-BA07-408F-AED3-5B21D78E0B08}.Release|Mixed Platforms.ActiveCfg = Release|x86
		{3202B55E-BA07-408F-AED3-5B21D78E0B08}.Release|Mixed Platforms.Build.0 = Release|x86
		{3202B55E-BA07-408F-AED3-5B21D78E0B08}.Release|x86.ActiveCfg = Release|x86
		{3202B55E-BA07-408F-AED3-5B21D78E0B08}.Release|x86.Build.0 = Release|x86
		{F3EA761D-CD0E-4D06-93D1-39C16018EBF1}.Debug|Any CPU.ActiveCfg = Debug|x86
		{F3EA761D-CD0E-4D06-93D1-39C16018EBF1}.Debug|Mixed Platforms.ActiveCfg = Debug|x86
		{F3EA761D-CD0E-4D06-93D1-39C16018EBF1}.Debug|Mixed Platforms.Build.0 = Debug|x86
		{F3EA761D-CD0E-4D06-93D1-39C16018EBF1}.Debug|x86.ActiveCfg = Debug|x86
		{F3EA761D-CD0E-4D06-93D1-39C16018EBF1}.Debug|x86.Build.0 = Debug|x86
		{F3EA761D-CD0E-4D06-93D1-39C16018EBF1}.Release|Any CPU.ActiveCfg = Release|x86
		{F3EA761D-CD0E-4D06-93D1-39C16018EBF1}.Release|Mixed Platforms.ActiveCfg = Release|x86
		{F3EA761D-CD0E-4D06-93D1-39C16018EBF1}.Release|Mixed Platforms.Build.0 = Release|x86
		{F3EA761D-CD0E-4D06-93D1-39C16018EBF1}.Release|x86.ActiveCfg = Release|x86
		{F3EA761D-CD0E-4D06-93D1-39C16018EBF1}.Release|x86.Build.0 = Release|x86
		{44EB82EA-A9E8-426E-95DB-C41745293772}.Debug|Any CPU.ActiveCfg = Debug|x86
		{44EB82EA-A9E8-426E-95DB-C41745293772}.Debug|Mixed Platforms.ActiveCfg = Debug|x86
		{44EB82EA-A9E8-426E-95DB-C41745293772}.Debug|Mixed Platforms.Build.0 = Debug|x86
		{44EB82EA-A9E8-426E-95DB-C41745293772}.Debug|x86.ActiveCfg = Debug|x86
		{44EB82EA-A9E8-426E-95DB-C41745293772}.Debug|x86.Build.0 = Debug|x86
		{44EB82EA-A9E8-426E-95DB-C41745293772}.Release|Any CPU.ActiveCfg = Release|x86
		{44EB82EA-A9E8-426E-95DB-C41745293772}.Release|Mixed Platforms.ActiveCfg = Release|x86
		{44EB82EA-A9E8-426E-95DB-C41745293772}.Release|Mixed Platforms.Build.0 = Release|x86
		{44EB82EA-A9E8-426E-95DB-C41745293772}.Release|x86.ActiveCfg = Release|x86
		{44EB82EA-A9E8-426E-95DB-C41745293772}.Release|x86.Build.0 = Release|x86
		{25F6E0D7-9E60-4E39-9F23-90FB28F2A646}.Debug|Any CPU.ActiveCfg = Debug|x86
		{25F6E0D7-9E60-4E39-9F23-90FB28F2A646}.Debug|Mixed Platforms.ActiveCfg = Debug|x86
		{25F6E0D7-9E60-4E39-9F23-90FB28F2A646}.Debug|Mixed Platforms.Build.0 = Debug|x86
		{25F6E0D7-9E60-4E39-9F23-90FB28F2A646}.Debug|x86.ActiveCfg = Debug|x86
		{25F6E0D7-9E60-4E39-9F23-90FB28F2A646}.Debug|x86.Build.0 = Debug|x86
		{25F6E0D7-9E60-4E39-9F23-90FB28F2A646}.Release|Any CPU.ActiveCfg = Release|x86
		{25F6E0D7-9E60-4E39-9F23-90FB28F2A646}.Release|Mixed Platforms.ActiveCfg = Release|x86
		{25F6E0D7-9E60-4E39-9F23-90FB28F2A646}.Release|Mixed Platforms.Build.0 = Release|x86
		{25F6E0D7-9E60-4E39-9F23-90FB28F2A646}.Release|x86.ActiveCfg = Release|x86
		{25F6E0D7-9E60-4E39-9F23-90FB28F2A646}.Release|x86.Build.0 = Release|x86
		{2B9B5020-159F-41F0-A24E-B608A2A09305}.Debug|Any CPU.ActiveCfg = Debug|x86
		{2B9B5020-159F-41F0-A24E-B608A2A09305}.Debug|Mixed Platforms.ActiveCfg = Debug|x86
		{2B9B5020-159F-41F0-A24E-B608A2A09305}.Debug|Mixed Platforms.Build.0 = Debug|x86
		{2B9B5020-159F-41F0-A24E-B608A2A09305}.Debug|x86.ActiveCfg = Debug|x86
		{2B9B5020-159F-41F0-A24E-B608A2A09305}.Debug|x86.Build.0 = Debug|x86
		{2B9B5020-159F-41F0-A24E-B608A2A09305}.Release|Any CPU.ActiveCfg = Release|x86
		{2B9B5020-159F-41F0-A24E-B608A2A09305}.Release|Mixed Platforms.ActiveCfg = Release|x86
		{2B9B5020-159F-41F0-A24E-B608A2A09305}.Release|Mixed Platforms.Build.0 = Release|x86
		{2B9B5020-159F-41F0-A24E-B608A2A09305}.Release|x86.ActiveCfg = Release|x86
		{2B9B5020-159F-41F0-A24E-B608A2A09305}.Release|x86.Build.0 = Release|x86
		{E7CC7EE7-D52D-4A3E-9162-C8C8E1860E48}.Debug|Any CPU.ActiveCfg = Debug|x86
		{E7CC7EE7-D52D-4A3E-9162-C8C8E1860E48}.Debug|Mixed Platforms.ActiveCfg = Debug|x86
		{E7CC7EE7-D52D-4A3E-9162-C8C8E1860E48}.Debug|Mixed Platforms.Build.0 = Debug|x86
		{E7CC7EE7-D52D-4A3E-9162-C8C8E1860E48}.Debug|x86.ActiveCfg = Debug|x86
		{E7CC7EE7-D52D-4A3E-9162-C8C8E1860E48}.Debug|x86.Build.0 = Debug|x86
		{E7CC7EE7-D52D-4A3E-9162-C8C8E1860E48}.Release|Any CPU.ActiveCfg = Release|x86
		{E7CC7EE7-D52D-4A3E-9162-C8C8E1860E48}.Release|Mixed Platforms.ActiveCfg = Release|x86
		{E7CC7EE7-D52D-4A3E-9162-C8C8E1860E48}.Release|Mixed Platforms.Build.0 = Release|x86
		{E7CC7EE7-D52D-4A3E-9162-C8C8E1860E48}.Release|x86.ActiveCfg = Release|x86
		{E7CC7EE7-D52D-4A3E-9162-C8C8E1860E48}.Release|x86.Build.0 = Release|x86
		{35330982-7356-4052-B1BE-FCC8449DE1EA}.Debug|Any CPU.ActiveCfg = Debug|Any CPU
		{35330982-7356-4052-B1BE-FCC8449DE1EA}.Debug|Any CPU.Build.0 = Debug|Any CPU
		{35330982-7356-4052-B1BE-FCC8449DE1EA}.Debug|Mixed Platforms.ActiveCfg = Debug|Any CPU
		{35330982-7356-4052-B1BE-FCC8449DE1EA}.Debug|Mixed Platforms.Build.0 = Debug|Any CPU
		{35330982-7356-4052-B1BE-FCC8449DE1EA}.Debug|x86.ActiveCfg = Debug|Any CPU
		{35330982-7356-4052-B1BE-FCC8449DE1EA}.Release|Any CPU.ActiveCfg = Release|Any CPU
		{35330982-7356-4052-B1BE-FCC8449DE1EA}.Release|Any CPU.Build.0 = Release|Any CPU
		{35330982-7356-4052-B1BE-FCC8449DE1EA}.Release|Mixed Platforms.ActiveCfg = Release|Any CPU
		{35330982-7356-4052-B1BE-FCC8449DE1EA}.Release|Mixed Platforms.Build.0 = Release|Any CPU
		{35330982-7356-4052-B1BE-FCC8449DE1EA}.Release|x86.ActiveCfg = Release|Any CPU
	EndGlobalSection
	GlobalSection(SolutionProperties) = preSolution
		HideSolutionNode = FALSE
	EndGlobalSection
EndGlobal
